// !$*UTF8*$!
{
	archiveVersion = 1;
	classes = {
	};
	objectVersion = 50;
	objects = {

/* Begin PBXBuildFile section */
		7DB9080E246B8DB300B6E651 /* AppDelegate.swift in Sources */ = {isa = PBXBuildFile; fileRef = 7DB9080D246B8DB300B6E651 /* AppDelegate.swift */; };
		7DB90810246B8DB300B6E651 /* SceneDelegate.swift in Sources */ = {isa = PBXBuildFile; fileRef = 7DB9080F246B8DB300B6E651 /* SceneDelegate.swift */; };
		7DB90812246B8DB300B6E651 /* ViewController.swift in Sources */ = {isa = PBXBuildFile; fileRef = 7DB90811246B8DB300B6E651 /* ViewController.swift */; };
		7DB90815246B8DB300B6E651 /* Main.storyboard in Resources */ = {isa = PBXBuildFile; fileRef = 7DB90813246B8DB300B6E651 /* Main.storyboard */; };
		7DB90817246B8DB700B6E651 /* Assets.xcassets in Resources */ = {isa = PBXBuildFile; fileRef = 7DB90816246B8DB700B6E651 /* Assets.xcassets */; };
		7DB9081A246B8DB700B6E651 /* LaunchScreen.storyboard in Resources */ = {isa = PBXBuildFile; fileRef = 7DB90818246B8DB700B6E651 /* LaunchScreen.storyboard */; };
		7DB90825246B8DB800B6E651 /* ParstagramTests.swift in Sources */ = {isa = PBXBuildFile; fileRef = 7DB90824246B8DB800B6E651 /* ParstagramTests.swift */; };
		7DB90830246B8DB800B6E651 /* ParstagramUITests.swift in Sources */ = {isa = PBXBuildFile; fileRef = 7DB9082F246B8DB800B6E651 /* ParstagramUITests.swift */; };
/* End PBXBuildFile section */

/* Begin PBXContainerItemProxy section */
		7DB90821246B8DB800B6E651 /* PBXContainerItemProxy */ = {
			isa = PBXContainerItemProxy;
			containerPortal = 7DB90802246B8DB300B6E651 /* Project object */;
			proxyType = 1;
			remoteGlobalIDString = 7DB90809246B8DB300B6E651;
			remoteInfo = Parstagram;
		};
		7DB9082C246B8DB800B6E651 /* PBXContainerItemProxy */ = {
			isa = PBXContainerItemProxy;
			containerPortal = 7DB90802246B8DB300B6E651 /* Project object */;
			proxyType = 1;
			remoteGlobalIDString = 7DB90809246B8DB300B6E651;
			remoteInfo = Parstagram;
		};
/* End PBXContainerItemProxy section */

/* Begin PBXFileReference section */
		7DB9080A246B8DB300B6E651 /* Parstagram.app */ = {isa = PBXFileReference; explicitFileType = wrapper.application; includeInIndex = 0; path = Parstagram.app; sourceTree = BUILT_PRODUCTS_DIR; };
		7DB9080D246B8DB300B6E651 /* AppDelegate.swift */ = {isa = PBXFileReference; lastKnownFileType = sourcecode.swift; path = AppDelegate.swift; sourceTree = "<group>"; };
		7DB9080F246B8DB300B6E651 /* SceneDelegate.swift */ = {isa = PBXFileReference; lastKnownFileType = sourcecode.swift; path = SceneDelegate.swift; sourceTree = "<group>"; };
		7DB90811246B8DB300B6E651 /* ViewController.swift */ = {isa = PBXFileReference; lastKnownFileType = sourcecode.swift; path = ViewController.swift; sourceTree = "<group>"; };
		7DB90814246B8DB300B6E651 /* Base */ = {isa = PBXFileReference; lastKnownFileType = file.storyboard; name = Base; path = Base.lproj/Main.storyboard; sourceTree = "<group>"; };
		7DB90816246B8DB700B6E651 /* Assets.xcassets */ = {isa = PBXFileReference; lastKnownFileType = folder.assetcatalog; path = Assets.xcassets; sourceTree = "<group>"; };
		7DB90819246B8DB700B6E651 /* Base */ = {isa = PBXFileReference; lastKnownFileType = file.storyboard; name = Base; path = Base.lproj/LaunchScreen.storyboard; sourceTree = "<group>"; };
		7DB9081B246B8DB700B6E651 /* Info.plist */ = {isa = PBXFileReference; lastKnownFileType = text.plist.xml; path = Info.plist; sourceTree = "<group>"; };
		7DB90820246B8DB800B6E651 /* ParstagramTests.xctest */ = {isa = PBXFileReference; explicitFileType = wrapper.cfbundle; includeInIndex = 0; path = ParstagramTests.xctest; sourceTree = BUILT_PRODUCTS_DIR; };
		7DB90824246B8DB800B6E651 /* ParstagramTests.swift */ = {isa = PBXFileReference; lastKnownFileType = sourcecode.swift; path = ParstagramTests.swift; sourceTree = "<group>"; };
		7DB90826246B8DB800B6E651 /* Info.plist */ = {isa = PBXFileReference; lastKnownFileType = text.plist.xml; path = Info.plist; sourceTree = "<group>"; };
		7DB9082B246B8DB800B6E651 /* ParstagramUITests.xctest */ = {isa = PBXFileReference; explicitFileType = wrapper.cfbundle; includeInIndex = 0; path = ParstagramUITests.xctest; sourceTree = BUILT_PRODUCTS_DIR; };
		7DB9082F246B8DB800B6E651 /* ParstagramUITests.swift */ = {isa = PBXFileReference; lastKnownFileType = sourcecode.swift; path = ParstagramUITests.swift; sourceTree = "<group>"; };
		7DB90831246B8DB800B6E651 /* Info.plist */ = {isa = PBXFileReference; lastKnownFileType = text.plist.xml; path = Info.plist; sourceTree = "<group>"; };
/* End PBXFileReference section */

/* Begin PBXFrameworksBuildPhase section */
		7DB90807246B8DB300B6E651 /* Frameworks */ = {
			isa = PBXFrameworksBuildPhase;
			buildActionMask = 2147483647;
			files = (
			);
			runOnlyForDeploymentPostprocessing = 0;
		};
		7DB9081D246B8DB800B6E651 /* Frameworks */ = {
			isa = PBXFrameworksBuildPhase;
			buildActionMask = 2147483647;
			files = (
			);
			runOnlyForDeploymentPostprocessing = 0;
		};
		7DB90828246B8DB800B6E651 /* Frameworks */ = {
			isa = PBXFrameworksBuildPhase;
			buildActionMask = 2147483647;
			files = (
			);
			runOnlyForDeploymentPostprocessing = 0;
		};
/* End PBXFrameworksBuildPhase section */

/* Begin PBXGroup section */
		7DB90801246B8DB300B6E651 = {
			isa = PBXGroup;
			children = (
				7DB9080C246B8DB300B6E651 /* Parstagram */,
				7DB90823246B8DB800B6E651 /* ParstagramTests */,
				7DB9082E246B8DB800B6E651 /* ParstagramUITests */,
				7DB9080B246B8DB300B6E651 /* Products */,
			);
			sourceTree = "<group>";
		};
		7DB9080B246B8DB300B6E651 /* Products */ = {
			isa = PBXGroup;
			children = (
				7DB9080A246B8DB300B6E651 /* Parstagram.app */,
				7DB90820246B8DB800B6E651 /* ParstagramTests.xctest */,
				7DB9082B246B8DB800B6E651 /* ParstagramUITests.xctest */,
			);
			name = Products;
			sourceTree = "<group>";
		};
		7DB9080C246B8DB300B6E651 /* Parstagram */ = {
			isa = PBXGroup;
			children = (
				7DB9080D246B8DB300B6E651 /* AppDelegate.swift */,
				7DB9080F246B8DB300B6E651 /* SceneDelegate.swift */,
				7DB90811246B8DB300B6E651 /* ViewController.swift */,
				7DB90813246B8DB300B6E651 /* Main.storyboard */,
				7DB90816246B8DB700B6E651 /* Assets.xcassets */,
				7DB90818246B8DB700B6E651 /* LaunchScreen.storyboard */,
				7DB9081B246B8DB700B6E651 /* Info.plist */,
			);
			path = Parstagram;
			sourceTree = "<group>";
		};
		7DB90823246B8DB800B6E651 /* ParstagramTests */ = {
			isa = PBXGroup;
			children = (
				7DB90824246B8DB800B6E651 /* ParstagramTests.swift */,
				7DB90826246B8DB800B6E651 /* Info.plist */,
			);
			path = ParstagramTests;
			sourceTree = "<group>";
		};
		7DB9082E246B8DB800B6E651 /* ParstagramUITests */ = {
			isa = PBXGroup;
			children = (
				7DB9082F246B8DB800B6E651 /* ParstagramUITests.swift */,
				7DB90831246B8DB800B6E651 /* Info.plist */,
			);
			path = ParstagramUITests;
			sourceTree = "<group>";
		};
/* End PBXGroup section */

/* Begin PBXNativeTarget section */
		7DB90809246B8DB300B6E651 /* Parstagram */ = {
			isa = PBXNativeTarget;
			buildConfigurationList = 7DB90834246B8DB800B6E651 /* Build configuration list for PBXNativeTarget "Parstagram" */;
			buildPhases = (
				7DB90806246B8DB300B6E651 /* Sources */,
				7DB90807246B8DB300B6E651 /* Frameworks */,
				7DB90808246B8DB300B6E651 /* Resources */,
			);
			buildRules = (
			);
			dependencies = (
			);
			name = Parstagram;
			productName = Parstagram;
			productReference = 7DB9080A246B8DB300B6E651 /* Parstagram.app */;
			productType = "com.apple.product-type.application";
		};
		7DB9081F246B8DB800B6E651 /* ParstagramTests */ = {
			isa = PBXNativeTarget;
			buildConfigurationList = 7DB90837246B8DB800B6E651 /* Build configuration list for PBXNativeTarget "ParstagramTests" */;
			buildPhases = (
				7DB9081C246B8DB800B6E651 /* Sources */,
				7DB9081D246B8DB800B6E651 /* Frameworks */,
				7DB9081E246B8DB800B6E651 /* Resources */,
			);
			buildRules = (
			);
			dependencies = (
				7DB90822246B8DB800B6E651 /* PBXTargetDependency */,
			);
			name = ParstagramTests;
			productName = ParstagramTests;
			productReference = 7DB90820246B8DB800B6E651 /* ParstagramTests.xctest */;
			productType = "com.apple.product-type.bundle.unit-test";
		};
		7DB9082A246B8DB800B6E651 /* ParstagramUITests */ = {
			isa = PBXNativeTarget;
			buildConfigurationList = 7DB9083A246B8DB800B6E651 /* Build configuration list for PBXNativeTarget "ParstagramUITests" */;
			buildPhases = (
				7DB90827246B8DB800B6E651 /* Sources */,
				7DB90828246B8DB800B6E651 /* Frameworks */,
				7DB90829246B8DB800B6E651 /* Resources */,
			);
			buildRules = (
			);
			dependencies = (
				7DB9082D246B8DB800B6E651 /* PBXTargetDependency */,
			);
			name = ParstagramUITests;
			productName = ParstagramUITests;
			productReference = 7DB9082B246B8DB800B6E651 /* ParstagramUITests.xctest */;
			productType = "com.apple.product-type.bundle.ui-testing";
		};
/* End PBXNativeTarget section */

/* Begin PBXProject section */
		7DB90802246B8DB300B6E651 /* Project object */ = {
			isa = PBXProject;
			attributes = {
				LastSwiftUpdateCheck = 1140;
				LastUpgradeCheck = 1140;
				ORGANIZATIONNAME = "Adriana Meza";
				TargetAttributes = {
					7DB90809246B8DB300B6E651 = {
						CreatedOnToolsVersion = 11.4;
					};
					7DB9081F246B8DB800B6E651 = {
						CreatedOnToolsVersion = 11.4;
						TestTargetID = 7DB90809246B8DB300B6E651;
					};
					7DB9082A246B8DB800B6E651 = {
						CreatedOnToolsVersion = 11.4;
						TestTargetID = 7DB90809246B8DB300B6E651;
					};
				};
			};
			buildConfigurationList = 7DB90805246B8DB300B6E651 /* Build configuration list for PBXProject "Parstagram" */;
			compatibilityVersion = "Xcode 9.3";
			developmentRegion = en;
			hasScannedForEncodings = 0;
			knownRegions = (
				en,
				Base,
			);
			mainGroup = 7DB90801246B8DB300B6E651;
			productRefGroup = 7DB9080B246B8DB300B6E651 /* Products */;
			projectDirPath = "";
			projectRoot = "";
			targets = (
				7DB90809246B8DB300B6E651 /* Parstagram */,
				7DB9081F246B8DB800B6E651 /* ParstagramTests */,
				7DB9082A246B8DB800B6E651 /* ParstagramUITests */,
			);
		};
/* End PBXProject section */

/* Begin PBXResourcesBuildPhase section */
		7DB90808246B8DB300B6E651 /* Resources */ = {
			isa = PBXResourcesBuildPhase;
			buildActionMask = 2147483647;
			files = (
				7DB9081A246B8DB700B6E651 /* LaunchScreen.storyboard in Resources */,
				7DB90817246B8DB700B6E651 /* Assets.xcassets in Resources */,
				7DB90815246B8DB300B6E651 /* Main.storyboard in Resources */,
			);
			runOnlyForDeploymentPostprocessing = 0;
		};
		7DB9081E246B8DB800B6E651 /* Resources */ = {
			isa = PBXResourcesBuildPhase;
			buildActionMask = 2147483647;
			files = (
			);
			runOnlyForDeploymentPostprocessing = 0;
		};
		7DB90829246B8DB800B6E651 /* Resources */ = {
			isa = PBXResourcesBuildPhase;
			buildActionMask = 2147483647;
			files = (
			);
			runOnlyForDeploymentPostprocessing = 0;
		};
/* End PBXResourcesBuildPhase section */

/* Begin PBXSourcesBuildPhase section */
		7DB90806246B8DB300B6E651 /* Sources */ = {
			isa = PBXSourcesBuildPhase;
			buildActionMask = 2147483647;
			files = (
				7DB90812246B8DB300B6E651 /* ViewController.swift in Sources */,
				7DB9080E246B8DB300B6E651 /* AppDelegate.swift in Sources */,
				7DB90810246B8DB300B6E651 /* SceneDelegate.swift in Sources */,
			);
			runOnlyForDeploymentPostprocessing = 0;
		};
		7DB9081C246B8DB800B6E651 /* Sources */ = {
			isa = PBXSourcesBuildPhase;
			buildActionMask = 2147483647;
			files = (
				7DB90825246B8DB800B6E651 /* ParstagramTests.swift in Sources */,
			);
			runOnlyForDeploymentPostprocessing = 0;
		};
		7DB90827246B8DB800B6E651 /* Sources */ = {
			isa = PBXSourcesBuildPhase;
			buildActionMask = 2147483647;
			files = (
				7DB90830246B8DB800B6E651 /* ParstagramUITests.swift in Sources */,
			);
			runOnlyForDeploymentPostprocessing = 0;
		};
/* End PBXSourcesBuildPhase section */

/* Begin PBXTargetDependency section */
		7DB90822246B8DB800B6E651 /* PBXTargetDependency */ = {
			isa = PBXTargetDependency;
			target = 7DB90809246B8DB300B6E651 /* Parstagram */;
			targetProxy = 7DB90821246B8DB800B6E651 /* PBXContainerItemProxy */;
		};
		7DB9082D246B8DB800B6E651 /* PBXTargetDependency */ = {
			isa = PBXTargetDependency;
			target = 7DB90809246B8DB300B6E651 /* Parstagram */;
			targetProxy = 7DB9082C246B8DB800B6E651 /* PBXContainerItemProxy */;
		};
/* End PBXTargetDependency section */

/* Begin PBXVariantGroup section */
		7DB90813246B8DB300B6E651 /* Main.storyboard */ = {
			isa = PBXVariantGroup;
			children = (
				7DB90814246B8DB300B6E651 /* Base */,
			);
			name = Main.storyboard;
			sourceTree = "<group>";
		};
		7DB90818246B8DB700B6E651 /* LaunchScreen.storyboard */ = {
			isa = PBXVariantGroup;
			children = (
				7DB90819246B8DB700B6E651 /* Base */,
			);
			name = LaunchScreen.storyboard;
			sourceTree = "<group>";
		};
/* End PBXVariantGroup section */

/* Begin XCBuildConfiguration section */
		7DB90832246B8DB800B6E651 /* Debug */ = {
			isa = XCBuildConfiguration;
			buildSettings = {
				ALWAYS_SEARCH_USER_PATHS = NO;
				CLANG_ANALYZER_NONNULL = YES;
				CLANG_ANALYZER_NUMBER_OBJECT_CONVERSION = YES_AGGRESSIVE;
				CLANG_CXX_LANGUAGE_STANDARD = "gnu++14";
				CLANG_CXX_LIBRARY = "libc++";
				CLANG_ENABLE_MODULES = YES;
				CLANG_ENABLE_OBJC_ARC = YES;
				CLANG_ENABLE_OBJC_WEAK = YES;
				CLANG_WARN_BLOCK_CAPTURE_AUTORELEASING = YES;
				CLANG_WARN_BOOL_CONVERSION = YES;
				CLANG_WARN_COMMA = YES;
				CLANG_WARN_CONSTANT_CONVERSION = YES;
				CLANG_WARN_DEPRECATED_OBJC_IMPLEMENTATIONS = YES;
				CLANG_WARN_DIRECT_OBJC_ISA_USAGE = YES_ERROR;
				CLANG_WARN_DOCUMENTATION_COMMENTS = YES;
				CLANG_WARN_EMPTY_BODY = YES;
				CLANG_WARN_ENUM_CONVERSION = YES;
				CLANG_WARN_INFINITE_RECURSION = YES;
				CLANG_WARN_INT_CONVERSION = YES;
				CLANG_WARN_NON_LITERAL_NULL_CONVERSION = YES;
				CLANG_WARN_OBJC_IMPLICIT_RETAIN_SELF = YES;
				CLANG_WARN_OBJC_LITERAL_CONVERSION = YES;
				CLANG_WARN_OBJC_ROOT_CLASS = YES_ERROR;
				CLANG_WARN_RANGE_LOOP_ANALYSIS = YES;
				CLANG_WARN_STRICT_PROTOTYPES = YES;
				CLANG_WARN_SUSPICIOUS_MOVE = YES;
				CLANG_WARN_UNGUARDED_AVAILABILITY = YES_AGGRESSIVE;
				CLANG_WARN_UNREACHABLE_CODE = YES;
				CLANG_WARN__DUPLICATE_METHOD_MATCH = YES;
				COPY_PHASE_STRIP = NO;
				DEBUG_INFORMATION_FORMAT = dwarf;
				ENABLE_STRICT_OBJC_MSGSEND = YES;
				ENABLE_TESTABILITY = YES;
				GCC_C_LANGUAGE_STANDARD = gnu11;
				GCC_DYNAMIC_NO_PIC = NO;
				GCC_NO_COMMON_BLOCKS = YES;
				GCC_OPTIMIZATION_LEVEL = 0;
				GCC_PREPROCESSOR_DEFINITIONS = (
					"DEBUG=1",
					"$(inherited)",
				);
				GCC_WARN_64_TO_32_BIT_CONVERSION = YES;
				GCC_WARN_ABOUT_RETURN_TYPE = YES_ERROR;
				GCC_WARN_UNDECLARED_SELECTOR = YES;
				GCC_WARN_UNINITIALIZED_AUTOS = YES_AGGRESSIVE;
				GCC_WARN_UNUSED_FUNCTION = YES;
				GCC_WARN_UNUSED_VARIABLE = YES;
				IPHONEOS_DEPLOYMENT_TARGET = 13.4;
				MTL_ENABLE_DEBUG_INFO = INCLUDE_SOURCE;
				MTL_FAST_MATH = YES;
				ONLY_ACTIVE_ARCH = YES;
				SDKROOT = iphoneos;
				SWIFT_ACTIVE_COMPILATION_CONDITIONS = DEBUG;
				SWIFT_OPTIMIZATION_LEVEL = "-Onone";
			};
			name = Debug;
		};
		7DB90833246B8DB800B6E651 /* Release */ = {
			isa = XCBuildConfiguration;
			buildSettings = {
				ALWAYS_SEARCH_USER_PATHS = NO;
				CLANG_ANALYZER_NONNULL = YES;
				CLANG_ANALYZER_NUMBER_OBJECT_CONVERSION = YES_AGGRESSIVE;
				CLANG_CXX_LANGUAGE_STANDARD = "gnu++14";
				CLANG_CXX_LIBRARY = "libc++";
				CLANG_ENABLE_MODULES = YES;
				CLANG_ENABLE_OBJC_ARC = YES;
				CLANG_ENABLE_OBJC_WEAK = YES;
				CLANG_WARN_BLOCK_CAPTURE_AUTORELEASING = YES;
				CLANG_WARN_BOOL_CONVERSION = YES;
				CLANG_WARN_COMMA = YES;
				CLANG_WARN_CONSTANT_CONVERSION = YES;
				CLANG_WARN_DEPRECATED_OBJC_IMPLEMENTATIONS = YES;
				CLANG_WARN_DIRECT_OBJC_ISA_USAGE = YES_ERROR;
				CLANG_WARN_DOCUMENTATION_COMMENTS = YES;
				CLANG_WARN_EMPTY_BODY = YES;
				CLANG_WARN_ENUM_CONVERSION = YES;
				CLANG_WARN_INFINITE_RECURSION = YES;
				CLANG_WARN_INT_CONVERSION = YES;
				CLANG_WARN_NON_LITERAL_NULL_CONVERSION = YES;
				CLANG_WARN_OBJC_IMPLICIT_RETAIN_SELF = YES;
				CLANG_WARN_OBJC_LITERAL_CONVERSION = YES;
				CLANG_WARN_OBJC_ROOT_CLASS = YES_ERROR;
				CLANG_WARN_RANGE_LOOP_ANALYSIS = YES;
				CLANG_WARN_STRICT_PROTOTYPES = YES;
				CLANG_WARN_SUSPICIOUS_MOVE = YES;
				CLANG_WARN_UNGUARDED_AVAILABILITY = YES_AGGRESSIVE;
				CLANG_WARN_UNREACHABLE_CODE = YES;
				CLANG_WARN__DUPLICATE_METHOD_MATCH = YES;
				COPY_PHASE_STRIP = NO;
				DEBUG_INFORMATION_FORMAT = "dwarf-with-dsym";
				ENABLE_NS_ASSERTIONS = NO;
				ENABLE_STRICT_OBJC_MSGSEND = YES;
				GCC_C_LANGUAGE_STANDARD = gnu11;
				GCC_NO_COMMON_BLOCKS = YES;
				GCC_WARN_64_TO_32_BIT_CONVERSION = YES;
				GCC_WARN_ABOUT_RETURN_TYPE = YES_ERROR;
				GCC_WARN_UNDECLARED_SELECTOR = YES;
				GCC_WARN_UNINITIALIZED_AUTOS = YES_AGGRESSIVE;
				GCC_WARN_UNUSED_FUNCTION = YES;
				GCC_WARN_UNUSED_VARIABLE = YES;
				IPHONEOS_DEPLOYMENT_TARGET = 13.4;
				MTL_ENABLE_DEBUG_INFO = NO;
				MTL_FAST_MATH = YES;
				SDKROOT = iphoneos;
				SWIFT_COMPILATION_MODE = wholemodule;
				SWIFT_OPTIMIZATION_LEVEL = "-O";
				VALIDATE_PRODUCT = YES;
			};
			name = Release;
		};
		7DB90835246B8DB800B6E651 /* Debug */ = {
			isa = XCBuildConfiguration;
			buildSettings = {
				ASSETCATALOG_COMPILER_APPICON_NAME = AppIcon;
				CODE_SIGN_STYLE = Automatic;
				INFOPLIST_FILE = Parstagram/Info.plist;
				LD_RUNPATH_SEARCH_PATHS = (
					"$(inherited)",
					"@executable_path/Frameworks",
				);
				PRODUCT_BUNDLE_IDENTIFIER = com.codepath.Parstagram;
				PRODUCT_NAME = "$(TARGET_NAME)";
				SWIFT_VERSION = 5.0;
				TARGETED_DEVICE_FAMILY = "1,2";
			};
			name = Debug;
		};
		7DB90836246B8DB800B6E651 /* Release */ = {
			isa = XCBuildConfiguration;
			buildSettings = {
				ASSETCATALOG_COMPILER_APPICON_NAME = AppIcon;
				CODE_SIGN_STYLE = Automatic;
				INFOPLIST_FILE = Parstagram/Info.plist;
				LD_RUNPATH_SEARCH_PATHS = (
					"$(inherited)",
					"@executable_path/Frameworks",
				);
				PRODUCT_BUNDLE_IDENTIFIER = com.codepath.Parstagram;
				PRODUCT_NAME = "$(TARGET_NAME)";
				SWIFT_VERSION = 5.0;
				TARGETED_DEVICE_FAMILY = "1,2";
			};
			name = Release;
		};
		7DB90838246B8DB800B6E651 /* Debug */ = {
			isa = XCBuildConfiguration;
			buildSettings = {
				ALWAYS_EMBED_SWIFT_STANDARD_LIBRARIES = YES;
				BUNDLE_LOADER = "$(TEST_HOST)";
				CODE_SIGN_STYLE = Automatic;
				INFOPLIST_FILE = ParstagramTests/Info.plist;
				IPHONEOS_DEPLOYMENT_TARGET = 13.4;
				LD_RUNPATH_SEARCH_PATHS = (
					"$(inherited)",
					"@executable_path/Frameworks",
					"@loader_path/Frameworks",
				);
				PRODUCT_BUNDLE_IDENTIFIER = com.codepath.ParstagramTests;
				PRODUCT_NAME = "$(TARGET_NAME)";
				SWIFT_VERSION = 5.0;
				TARGETED_DEVICE_FAMILY = "1,2";
				TEST_HOST = "$(BUILT_PRODUCTS_DIR)/Parstagram.app/Parstagram";
			};
			name = Debug;
		};
		7DB90839246B8DB800B6E651 /* Release */ = {
			isa = XCBuildConfiguration;
			buildSettings = {
				ALWAYS_EMBED_SWIFT_STANDARD_LIBRARIES = YES;
				BUNDLE_LOADER = "$(TEST_HOST)";
				CODE_SIGN_STYLE = Automatic;
				INFOPLIST_FILE = ParstagramTests/Info.plist;
				IPHONEOS_DEPLOYMENT_TARGET = 13.4;
				LD_RUNPATH_SEARCH_PATHS = (
					"$(inherited)",
					"@executable_path/Frameworks",
					"@loader_path/Frameworks",
				);
				PRODUCT_BUNDLE_IDENTIFIER = com.codepath.ParstagramTests;
				PRODUCT_NAME = "$(TARGET_NAME)";
				SWIFT_VERSION = 5.0;
				TARGETED_DEVICE_FAMILY = "1,2";
				TEST_HOST = "$(BUILT_PRODUCTS_DIR)/Parstagram.app/Parstagram";
			};
			name = Release;
		};
		7DB9083B246B8DB800B6E651 /* Debug */ = {
			isa = XCBuildConfiguration;
			buildSettings = {
				ALWAYS_EMBED_SWIFT_STANDARD_LIBRARIES = YES;
				CODE_SIGN_STYLE = Automatic;
				INFOPLIST_FILE = ParstagramUITests/Info.plist;
				LD_RUNPATH_SEARCH_PATHS = (
					"$(inherited)",
					"@executable_path/Frameworks",
					"@loader_path/Frameworks",
				);
				PRODUCT_BUNDLE_IDENTIFIER = com.codepath.ParstagramUITests;
				PRODUCT_NAME = "$(TARGET_NAME)";
				SWIFT_VERSION = 5.0;
				TARGETED_DEVICE_FAMILY = "1,2";
				TEST_TARGET_NAME = Parstagram;
			};
			name = Debug;
		};
		7DB9083C246B8DB800B6E651 /* Release */ = {
			isa = XCBuildConfiguration;
			buildSettings = {
				ALWAYS_EMBED_SWIFT_STANDARD_LIBRARIES = YES;
				CODE_SIGN_STYLE = Automatic;
				INFOPLIST_FILE = ParstagramUITests/Info.plist;
				LD_RUNPATH_SEARCH_PATHS = (
					"$(inherited)",
					"@executable_path/Frameworks",
					"@loader_path/Frameworks",
				);
				PRODUCT_BUNDLE_IDENTIFIER = com.codepath.ParstagramUITests;
				PRODUCT_NAME = "$(TARGET_NAME)";
				SWIFT_VERSION = 5.0;
				TARGETED_DEVICE_FAMILY = "1,2";
				TEST_TARGET_NAME = Parstagram;
			};
			name = Release;
		};
/* End XCBuildConfiguration section */

/* Begin XCConfigurationList section */
		7DB90805246B8DB300B6E651 /* Build configuration list for PBXProject "Parstagram" */ = {
			isa = XCConfigurationList;
			buildConfigurations = (
				7DB90832246B8DB800B6E651 /* Debug */,
				7DB90833246B8DB800B6E651 /* Release */,
			);
			defaultConfigurationIsVisible = 0;
			defaultConfigurationName = Release;
		};
		7DB90834246B8DB800B6E651 /* Build configuration list for PBXNativeTarget "Parstagram" */ = {
			isa = XCConfigurationList;
			buildConfigurations = (
				7DB90835246B8DB800B6E651 /* Debug */,
				7DB90836246B8DB800B6E651 /* Release */,
			);
			defaultConfigurationIsVisible = 0;
			defaultConfigurationName = Release;
		};
		7DB90837246B8DB800B6E651 /* Build configuration list for PBXNativeTarget "ParstagramTests" */ = {
			isa = XCConfigurationList;
			buildConfigurations = (
				7DB90838246B8DB800B6E651 /* Debug */,
				7DB90839246B8DB800B6E651 /* Release */,
			);
			defaultConfigurationIsVisible = 0;
			defaultConfigurationName = Release;
		};
		7DB9083A246B8DB800B6E651 /* Build configuration list for PBXNativeTarget "ParstagramUITests" */ = {
			isa = XCConfigurationList;
			buildConfigurations = (
				7DB9083B246B8DB800B6E651 /* Debug */,
				7DB9083C246B8DB800B6E651 /* Release */,
			);
			defaultConfigurationIsVisible = 0;
			defaultConfigurationName = Release;
		};
/* End XCConfigurationList section */
	};
	rootObject = 7DB90802246B8DB300B6E651 /* Project object */;
}
